
Microsoft Visual Studio Solution File, Format Version 12.00
# Visual Studio Version 16
VisualStudioVersion = 16.0.30114.105
MinimumVisualStudioVersion = 10.0.40219.1
Project("{2150E333-8FDC-42A3-9474-1A3956D46DE8}") = "src", "src", "{2C5151AA-2954-452F-AE2F-24174D181B93}"
EndProject
Project("{FAE04EC0-301F-11D3-BF4B-00C04F79EFBC}") = "fabiostefani.io.CleanArch.Domain", "src\fabiostefani.io.CleanArch.Domain\fabiostefani.io.CleanArch.Domain.csproj", "{9C0DD0E2-FE92-45F7-A7BE-8F8DE8DC8DBC}"
EndProject
Project("{2150E333-8FDC-42A3-9474-1A3956D46DE8}") = "tests", "tests", "{751B370B-CDF6-49AF-929A-8602DD220EE5}"
EndProject
Project("{FAE04EC0-301F-11D3-BF4B-00C04F79EFBC}") = "fabiostefani.io.CleanArch.DomainTests", "tests\fabiostefani.io.CleanArch.DomainTests\fabiostefani.io.CleanArch.DomainTests.csproj", "{8A2CC297-1FCB-4DE6-81CB-B63B451F4C22}"
EndProject
Project("{FAE04EC0-301F-11D3-BF4B-00C04F79EFBC}") = "fabiostefani.io.CleanArch.Application", "src\fabiostefani.io.CleanArch.Application\fabiostefani.io.CleanArch.Application.csproj", "{F31AEAD3-6D16-4A31-8A23-A222CA75BCAC}"
EndProject
Project("{FAE04EC0-301F-11D3-BF4B-00C04F79EFBC}") = "fabiostefani.io.CleanArch.ApplicationTests", "tests\fabiostefani.io.CleanArch.ApplicationTests\fabiostefani.io.CleanArch.ApplicationTests.csproj", "{697ABED7-EEAB-46D9-B209-0FC6D1760006}"
EndProject
Project("{FAE04EC0-301F-11D3-BF4B-00C04F79EFBC}") = "fabiostefani.io.CleanArch.Repository", "src\fabiostefani.io.CleanArch.Repository\fabiostefani.io.CleanArch.Repository.csproj", "{9C492DB3-BB5B-45EE-B29B-2434AE5DDAAF}"
EndProject
Project("{FAE04EC0-301F-11D3-BF4B-00C04F79EFBC}") = "fabiostefani.io.CleanArch.Gateway", "src\fabiostefani.io.CleanArch.Gateway\fabiostefani.io.CleanArch.Gateway.csproj", "{F593AC21-3D0A-4DA2-913F-8CD638183B85}"
EndProject
Project("{FAE04EC0-301F-11D3-BF4B-00C04F79EFBC}") = "fabiostefani.io.CleanArch.GatewayTests", "tests\fabiostefani.io.CleanArch.GatewayTests\fabiostefani.io.CleanArch.GatewayTests.csproj", "{D520F61D-A9DB-4AEF-8D6D-F2EDED155637}"
EndProject
Project("{FAE04EC0-301F-11D3-BF4B-00C04F79EFBC}") = "fabiostefani.io.CleanArch.Api", "src\fabiostefani.io.CleanArch.Api\fabiostefani.io.CleanArch.Api.csproj", "{803D5AD1-DC59-4D10-BF52-F6E98082F807}"
EndProject
Global
	GlobalSection(SolutionConfigurationPlatforms) = preSolution
		Debug|Any CPU = Debug|Any CPU
		Release|Any CPU = Release|Any CPU
	EndGlobalSection
	GlobalSection(SolutionProperties) = preSolution
		HideSolutionNode = FALSE
	EndGlobalSection
	GlobalSection(ProjectConfigurationPlatforms) = postSolution
		{9C0DD0E2-FE92-45F7-A7BE-8F8DE8DC8DBC}.Debug|Any CPU.ActiveCfg = Debug|Any CPU
		{9C0DD0E2-FE92-45F7-A7BE-8F8DE8DC8DBC}.Debug|Any CPU.Build.0 = Debug|Any CPU
		{9C0DD0E2-FE92-45F7-A7BE-8F8DE8DC8DBC}.Release|Any CPU.ActiveCfg = Release|Any CPU
		{9C0DD0E2-FE92-45F7-A7BE-8F8DE8DC8DBC}.Release|Any CPU.Build.0 = Release|Any CPU
		{8A2CC297-1FCB-4DE6-81CB-B63B451F4C22}.Debug|Any CPU.ActiveCfg = Debug|Any CPU
		{8A2CC297-1FCB-4DE6-81CB-B63B451F4C22}.Debug|Any CPU.Build.0 = Debug|Any CPU
		{8A2CC297-1FCB-4DE6-81CB-B63B451F4C22}.Release|Any CPU.ActiveCfg = Release|Any CPU
		{8A2CC297-1FCB-4DE6-81CB-B63B451F4C22}.Release|Any CPU.Build.0 = Release|Any CPU
		{F31AEAD3-6D16-4A31-8A23-A222CA75BCAC}.Debug|Any CPU.ActiveCfg = Debug|Any CPU
		{F31AEAD3-6D16-4A31-8A23-A222CA75BCAC}.Debug|Any CPU.Build.0 = Debug|Any CPU
		{F31AEAD3-6D16-4A31-8A23-A222CA75BCAC}.Release|Any CPU.ActiveCfg = Release|Any CPU
		{F31AEAD3-6D16-4A31-8A23-A222CA75BCAC}.Release|Any CPU.Build.0 = Release|Any CPU
		{697ABED7-EEAB-46D9-B209-0FC6D1760006}.Debug|Any CPU.ActiveCfg = Debug|Any CPU
		{697ABED7-EEAB-46D9-B209-0FC6D1760006}.Debug|Any CPU.Build.0 = Debug|Any CPU
		{697ABED7-EEAB-46D9-B209-0FC6D1760006}.Release|Any CPU.ActiveCfg = Release|Any CPU
		{697ABED7-EEAB-46D9-B209-0FC6D1760006}.Release|Any CPU.Build.0 = Release|Any CPU
		{9C492DB3-BB5B-45EE-B29B-2434AE5DDAAF}.Debug|Any CPU.ActiveCfg = Debug|Any CPU
		{9C492DB3-BB5B-45EE-B29B-2434AE5DDAAF}.Debug|Any CPU.Build.0 = Debug|Any CPU
		{9C492DB3-BB5B-45EE-B29B-2434AE5DDAAF}.Release|Any CPU.ActiveCfg = Release|Any CPU
		{9C492DB3-BB5B-45EE-B29B-2434AE5DDAAF}.Release|Any CPU.Build.0 = Release|Any CPU
		{F593AC21-3D0A-4DA2-913F-8CD638183B85}.Debug|Any CPU.ActiveCfg = Debug|Any CPU
		{F593AC21-3D0A-4DA2-913F-8CD638183B85}.Debug|Any CPU.Build.0 = Debug|Any CPU
		{F593AC21-3D0A-4DA2-913F-8CD638183B85}.Release|Any CPU.ActiveCfg = Release|Any CPU
		{F593AC21-3D0A-4DA2-913F-8CD638183B85}.Release|Any CPU.Build.0 = Release|Any CPU
		{D520F61D-A9DB-4AEF-8D6D-F2EDED155637}.Debug|Any CPU.ActiveCfg = Debug|Any CPU
		{D520F61D-A9DB-4AEF-8D6D-F2EDED155637}.Debug|Any CPU.Build.0 = Debug|Any CPU
		{D520F61D-A9DB-4AEF-8D6D-F2EDED155637}.Release|Any CPU.ActiveCfg = Release|Any CPU
		{D520F61D-A9DB-4AEF-8D6D-F2EDED155637}.Release|Any CPU.Build.0 = Release|Any CPU
		{803D5AD1-DC59-4D10-BF52-F6E98082F807}.Debug|Any CPU.ActiveCfg = Debug|Any CPU
		{803D5AD1-DC59-4D10-BF52-F6E98082F807}.Debug|Any CPU.Build.0 = Debug|Any CPU
		{803D5AD1-DC59-4D10-BF52-F6E98082F807}.Release|Any CPU.ActiveCfg = Release|Any CPU
		{803D5AD1-DC59-4D10-BF52-F6E98082F807}.Release|Any CPU.Build.0 = Release|Any CPU
	EndGlobalSection
	GlobalSection(NestedProjects) = preSolution
		{9C0DD0E2-FE92-45F7-A7BE-8F8DE8DC8DBC} = {2C5151AA-2954-452F-AE2F-24174D181B93}
		{8A2CC297-1FCB-4DE6-81CB-B63B451F4C22} = {751B370B-CDF6-49AF-929A-8602DD220EE5}
		{F31AEAD3-6D16-4A31-8A23-A222CA75BCAC} = {2C5151AA-2954-452F-AE2F-24174D181B93}
		{697ABED7-EEAB-46D9-B209-0FC6D1760006} = {751B370B-CDF6-49AF-929A-8602DD220EE5}
		{9C492DB3-BB5B-45EE-B29B-2434AE5DDAAF} = {2C5151AA-2954-452F-AE2F-24174D181B93}
		{F593AC21-3D0A-4DA2-913F-8CD638183B85} = {2C5151AA-2954-452F-AE2F-24174D181B93}
		{D520F61D-A9DB-4AEF-8D6D-F2EDED155637} = {751B370B-CDF6-49AF-929A-8602DD220EE5}
		{803D5AD1-DC59-4D10-BF52-F6E98082F807} = {2C5151AA-2954-452F-AE2F-24174D181B93}
	EndGlobalSection
EndGlobal
